
Microsoft Visual Studio Solution File, Format Version 12.00
# Visual Studio Version 16
VisualStudioVersion = 16.0.29025.244
MinimumVisualStudioVersion = 10.0.40219.1
Project("{9A19103F-16F7-4668-BE54-9A1E7A4F7556}") = "Assemblies", "Assemblies\Assemblies.csproj", "{8F78CA66-F515-4442-A5A8-114C7C1C28E4}"
EndProject
Project("{FAE04EC0-301F-11D3-BF4B-00C04F79EFBC}") = "SharedLibrary", "SharedLibrary\SharedLibrary.csproj", "{DF67860E-6969-4A19-9984-634D385E4697}"
EndProject
Project("{FAE04EC0-301F-11D3-BF4B-00C04F79EFBC}") = "DotNetCoreEverywhere", "DotNetCoreEverywhere\DotNetCoreEverywhere.csproj", "{C0BE3E70-367B-489A-A504-EC2C1A4D583E}"
EndProject
Global
	GlobalSection(SolutionConfigurationPlatforms) = preSolution
		Debug|Any CPU = Debug|Any CPU
		Release|Any CPU = Release|Any CPU
	EndGlobalSection
	GlobalSection(ProjectConfigurationPlatforms) = postSolution
		{8F78CA66-F515-4442-A5A8-114C7C1C28E4}.Debug|Any CPU.ActiveCfg = Debug|Any CPU
		{8F78CA66-F515-4442-A5A8-114C7C1C28E4}.Debug|Any CPU.Build.0 = Debug|Any CPU
		{8F78CA66-F515-4442-A5A8-114C7C1C28E4}.Release|Any CPU.ActiveCfg = Release|Any CPU
		{8F78CA66-F515-4442-A5A8-114C7C1C28E4}.Release|Any CPU.Build.0 = Release|Any CPU
		{DF67860E-6969-4A19-9984-634D385E4697}.Debug|Any CPU.ActiveCfg = Debug|Any CPU
		{DF67860E-6969-4A19-9984-634D385E4697}.Debug|Any CPU.Build.0 = Debug|Any CPU
		{DF67860E-6969-4A19-9984-634D385E4697}.Release|Any CPU.ActiveCfg = Release|Any CPU
		{DF67860E-6969-4A19-9984-634D385E4697}.Release|Any CPU.Build.0 = Release|Any CPU
		{C0BE3E70-367B-489A-A504-EC2C1A4D583E}.Debug|Any CPU.ActiveCfg = Debug|Any CPU
		{C0BE3E70-367B-489A-A504-EC2C1A4D583E}.Debug|Any CPU.Build.0 = Debug|Any CPU
		{C0BE3E70-367B-489A-A504-EC2C1A4D583E}.Release|Any CPU.ActiveCfg = Release|Any CPU
		{C0BE3E70-367B-489A-A504-EC2C1A4D583E}.Release|Any CPU.Build.0 = Release|Any CPU
	EndGlobalSection
	GlobalSection(SolutionProperties) = preSolution
		HideSolutionNode = FALSE
	EndGlobalSection
	GlobalSection(ExtensibilityGlobals) = postSolution
		SolutionGuid = {8B307904-4D34-456C-81EF-6D83256F2FA1}
	EndGlobalSection
EndGlobal
